
Microsoft Visual Studio Solution File, Format Version 12.00
# Visual Studio Version 17
VisualStudioVersion = 17.2.32505.173
MinimumVisualStudioVersion = 10.0.40219.1
Project("{FAE04EC0-301F-11D3-BF4B-00C04F79EFBC}") = "TextRPGAssignment", "TextRPGAssignment\TextRPGAssignment.csproj", "{92C90ED8-7DB8-4E09-BC4D-0B17F3422691}"
EndProject
Global
	GlobalSection(SolutionConfigurationPlatforms) = preSolution
		Debug|Any CPU = Debug|Any CPU
		Release|Any CPU = Release|Any CPU
	EndGlobalSection
	GlobalSection(ProjectConfigurationPlatforms) = postSolution
		{92C90ED8-7DB8-4E09-BC4D-0B17F3422691}.Debug|Any CPU.ActiveCfg = Debug|Any CPU
		{92C90ED8-7DB8-4E09-BC4D-0B17F3422691}.Debug|Any CPU.Build.0 = Debug|Any CPU
		{92C90ED8-7DB8-4E09-BC4D-0B17F3422691}.Release|Any CPU.ActiveCfg = Release|Any CPU
		{92C90ED8-7DB8-4E09-BC4D-0B17F3422691}.Release|Any CPU.Build.0 = Release|Any CPU
	EndGlobalSection
	GlobalSection(SolutionProperties) = preSolution
		HideSolutionNode = FALSE
	EndGlobalSection
	GlobalSection(ExtensibilityGlobals) = postSolution
		SolutionGuid = {096FCE69-D996-48D7-9FC2-5C1EB2D9F2AF}
	EndGlobalSection
EndGlobal
